hash: 40b233682bee1fd7f6d15ceceb09fa7634db1d3fed5a568e6edf32b8cde3301f
updated: 2016-07-15T10:42:41.792061139+02:00
imports:
- name: github.com/boltdb/bolt
  version: acc803f0ced151102ed51bf824f8709ebd6602bc
- name: github.com/br0xen/termbox-util
  version: c3e595e205f44a41e8f959d9c70fbbb1faf18f67
- name: github.com/mattn/go-runewidth
  version: d6bea18f789704b5f83375793155289da36a3c7f
- name: github.com/nsf/termbox-go
  version: c45773466a30b680355d6494cc8826113c93cd0f
- name: golang.org/x/sys
  version: b518c298ac9dc94b6ac0757394f50d10c5dfa25a
  subpackages:
  - unix
devImports: []
